{
  "name": "site-builder",
  "version": "0.0.0",
  "dependencies": {
    "async": {
      "version": "0.9.2"
    },
    "body-parser": {
      "version": "1.13.3",
      "dependencies": {
        "bytes": {
          "version": "2.1.0"
        },
        "content-type": {
          "version": "1.0.1"
        },
        "debug": {
          "version": "2.2.0",
          "dependencies": {
            "ms": {
              "version": "0.7.1"
            }
          }
        },
        "depd": {
          "version": "1.0.1"
        },
        "http-errors": {
          "version": "1.3.1",
          "dependencies": {
            "inherits": {
              "version": "2.0.1"
            },
            "statuses": {
              "version": "1.2.1"
            }
          }
        },
        "iconv-lite": {
          "version": "0.4.11"
        },
        "on-finished": {
          "version": "2.3.0",
          "dependencies": {
            "ee-first": {
              "version": "1.1.1"
            }
          }
        },
        "qs": {
          "version": "4.0.0"
        },
        "raw-body": {
          "version": "2.1.3",
          "dependencies": {
            "unpipe": {
              "version": "1.0.0"
            }
          }
        },
        "type-is": {
          "version": "1.6.8",
          "dependencies": {
            "media-typer": {
              "version": "0.3.0"
            },
            "mime-types": {
              "version": "2.1.6",
              "dependencies": {
                "mime-db": {
                  "version": "1.18.0"
                }
              }
            }
          }
        }
      }
    },
    "cheerio": {
      "version": "0.19.0",
      "dependencies": {
        "css-select": {
          "version": "1.0.0",
          "dependencies": {
            "boolbase": {
              "version": "1.0.0"
            },
            "css-what": {
              "version": "1.0.0"
            },
            "domutils": {
              "version": "1.4.3",
              "dependencies": {
                "domelementtype": {
                  "version": "1.3.0"
                }
              }
            },
            "nth-check": {
              "version": "1.0.1"
            }
          }
        },
        "dom-serializer": {
          "version": "0.1.0",
          "dependencies": {
            "domelementtype": {
              "version": "1.1.3"
            }
          }
        },
        "entities": {
          "version": "1.1.1"
        },
        "htmlparser2": {
          "version": "3.8.3",
          "dependencies": {
            "domelementtype": {
              "version": "1.3.0"
            },
            "domhandler": {
              "version": "2.3.0"
            },
            "domutils": {
              "version": "1.5.1"
            },
            "entities": {
              "version": "1.0.0"
            },
            "readable-stream": {
              "version": "1.1.13",
              "dependencies": {
                "core-util-is": {
                  "version": "1.0.1"
                },
                "inherits": {
                  "version": "2.0.1"
                },
                "isarray": {
                  "version": "0.0.1"
                },
                "string_decoder": {
                  "version": "0.10.31"
                }
              }
            }
          }
        },
        "lodash": {
          "version": "3.10.1"
        }
      }
    },
    "config-weaver": {
      "version": "0.0.15",
      "dependencies": {
        "fs": {
          "version": "0.0.2"
        },
        "js-yaml": {
          "version": "3.4.2",
          "dependencies": {
            "argparse": {
              "version": "1.0.2",
              "dependencies": {
                "lodash": {
                  "version": "3.10.1"
                },
                "sprintf-js": {
                  "version": "1.0.3"
                }
              }
            },
            "esprima": {
              "version": "2.2.0"
            }
          }
        }
      }
    },
    "cookie-parser": {
      "version": "1.3.5",
      "dependencies": {
        "cookie": {
          "version": "0.1.3"
        },
        "cookie-signature": {
          "version": "1.0.6"
        }
      }
    },
    "dateformat": {
      "version": "1.0.11",
      "dependencies": {
        "get-stdin": {
          "version": "5.0.0"
        },
        "meow": {
          "version": "3.3.0",
          "dependencies": {
            "camelcase-keys": {
              "version": "1.0.0",
              "dependencies": {
                "camelcase": {
                  "version": "1.2.1"
                },
                "map-obj": {
                  "version": "1.0.1"
                }
              }
            },
            "indent-string": {
              "version": "1.2.2",
              "dependencies": {
                "get-stdin": {
                  "version": "4.0.1"
                },
                "repeating": {
                  "version": "1.1.3",
                  "dependencies": {
                    "is-finite": {
                      "version": "1.0.1",
                      "dependencies": {
                        "number-is-nan": {
                          "version": "1.0.0"
                        }
                      }
                    }
                  }
                }
              }
            },
            "minimist": {
              "version": "1.2.0"
            },
            "object-assign": {
              "version": "3.0.0"
            }
          }
        }
      }
    },
    "del": {
      "version": "1.2.1",
      "dependencies": {
        "each-async": {
          "version": "1.1.1",
          "dependencies": {
            "onetime": {
              "version": "1.0.0"
            },
            "set-immediate-shim": {
              "version": "1.0.1"
            }
          }
        },
        "globby": {
          "version": "2.1.0",
          "dependencies": {
            "array-union": {
              "version": "1.0.1",
              "dependencies": {
                "array-uniq": {
                  "version": "1.0.2"
                }
              }
            },
            "async": {
              "version": "1.4.2"
            },
            "glob": {
              "version": "5.0.14",
              "dependencies": {
                "inflight": {
                  "version": "1.0.4",
                  "dependencies": {
                    "wrappy": {
                      "version": "1.0.1"
                    }
                  }
                },
                "inherits": {
                  "version": "2.0.1"
                },
                "minimatch": {
                  "version": "2.0.10",
                  "dependencies": {
                    "brace-expansion": {
                      "version": "1.1.0",
                      "dependencies": {
                        "balanced-match": {
                          "version": "0.2.0"
                        },
                        "concat-map": {
                          "version": "0.0.1"
                        }
                      }
                    }
                  }
                },
                "once": {
                  "version": "1.3.2",
                  "dependencies": {
                    "wrappy": {
                      "version": "1.0.1"
                    }
                  }
                },
                "path-is-absolute": {
                  "version": "1.0.0"
                }
              }
            }
          }
        },
        "is-path-cwd": {
          "version": "1.0.0"
        },
        "is-path-in-cwd": {
          "version": "1.0.0",
          "dependencies": {
            "is-path-inside": {
              "version": "1.0.0",
              "dependencies": {
                "path-is-inside": {
                  "version": "1.0.1"
                }
              }
            }
          }
        },
        "object-assign": {
          "version": "3.0.0"
        },
        "rimraf": {
          "version": "2.4.3",
          "dependencies": {
            "glob": {
              "version": "5.0.14",
              "dependencies": {
                "inflight": {
                  "version": "1.0.4",
                  "dependencies": {
                    "wrappy": {
                      "version": "1.0.1"
                    }
                  }
                },
                "inherits": {
                  "version": "2.0.1"
                },
                "minimatch": {
                  "version": "2.0.10",
                  "dependencies": {
                    "brace-expansion": {
                      "version": "1.1.0",
                      "dependencies": {
                        "balanced-match": {
                          "version": "0.2.0"
                        },
                        "concat-map": {
                          "version": "0.0.1"
                        }
                      }
                    }
                  }
                },
                "once": {
                  "version": "1.3.2",
                  "dependencies": {
                    "wrappy": {
                      "version": "1.0.1"
                    }
                  }
                },
                "path-is-absolute": {
                  "version": "1.0.0"
                }
              }
            }
          }
        }
      }
    },
    "express": {
      "version": "4.13.3",
      "dependencies": {
        "accepts": {
          "version": "1.2.13",
          "dependencies": {
            "mime-types": {
              "version": "2.1.6",
              "dependencies": {
                "mime-db": {
                  "version": "1.18.0"
                }
              }
            },
            "negotiator": {
              "version": "0.5.3"
            }
          }
        },
        "array-flatten": {
          "version": "1.1.1"
        },
        "content-disposition": {
          "version": "0.5.0"
        },
        "content-type": {
          "version": "1.0.1"
        },
        "cookie": {
          "version": "0.1.3"
        },
        "cookie-signature": {
          "version": "1.0.6"
        },
        "debug": {
          "version": "2.2.0",
          "dependencies": {
            "ms": {
              "version": "0.7.1"
            }
          }
        },
        "depd": {
          "version": "1.0.1"
        },
        "escape-html": {
          "version": "1.0.2"
        },
        "etag": {
          "version": "1.7.0"
        },
        "finalhandler": {
          "version": "0.4.0",
          "dependencies": {
            "unpipe": {
              "version": "1.0.0"
            }
          }
        },
        "fresh": {
          "version": "0.3.0"
        },
        "merge-descriptors": {
          "version": "1.0.0"
        },
        "methods": {
          "version": "1.1.1"
        },
        "on-finished": {
          "version": "2.3.0",
          "dependencies": {
            "ee-first": {
              "version": "1.1.1"
            }
          }
        },
        "parseurl": {
          "version": "1.3.0"
        },
        "path-to-regexp": {
          "version": "0.1.7"
        },
        "proxy-addr": {
          "version": "1.0.8",
          "dependencies": {
            "forwarded": {
              "version": "0.1.0"
            },
            "ipaddr.js": {
              "version": "1.0.1"
            }
          }
        },
        "qs": {
          "version": "4.0.0"
        },
        "range-parser": {
          "version": "1.0.2"
        },
        "send": {
          "version": "0.13.0",
          "dependencies": {
            "destroy": {
              "version": "1.0.3"
            },
            "http-errors": {
              "version": "1.3.1",
              "dependencies": {
                "inherits": {
                  "version": "2.0.1"
                }
              }
            },
            "mime": {
              "version": "1.3.4"
            },
            "ms": {
              "version": "0.7.1"
            },
            "statuses": {
              "version": "1.2.1"
            }
          }
        },
        "serve-static": {
          "version": "1.10.0"
        },
        "type-is": {
          "version": "1.6.8",
          "dependencies": {
            "media-typer": {
              "version": "0.3.0"
            },
            "mime-types": {
              "version": "2.1.6",
              "dependencies": {
                "mime-db": {
                  "version": "1.18.0"
                }
              }
            }
          }
        },
        "utils-merge": {
          "version": "1.0.0"
        },
        "vary": {
          "version": "1.0.1"
        }
      }
    },
    "express-logger": {
      "version": "0.0.3",
      "dependencies": {
        "datetime": {
          "version": "0.0.3",
          "dependencies": {
            "vows": {
              "version": "0.8.1",
              "dependencies": {
                "diff": {
                  "version": "1.0.8"
                },
                "eyes": {
                  "version": "0.1.8"
                },
                "glob": {
                  "version": "4.0.6",
                  "dependencies": {
                    "graceful-fs": {
                      "version": "3.0.8"
                    },
                    "inherits": {
                      "version": "2.0.1"
                    },
                    "minimatch": {
                      "version": "1.0.0",
                      "dependencies": {
                        "lru-cache": {
                          "version": "2.7.0"
                        },
                        "sigmund": {
                          "version": "1.0.1"
                        }
                      }
                    },
                    "once": {
                      "version": "1.3.2",
                      "dependencies": {
                        "wrappy": {
                          "version": "1.0.1"
                        }
                      }
                    }
                  }
                }
              }
            }
          }
        },
        "express": {
          "version": "2.5.9",
          "dependencies": {
            "connect": {
              "version": "1.9.2",
              "dependencies": {
                "formidable": {
                  "version": "1.0.17"
                }
              }
            },
            "mime": {
              "version": "1.2.4"
            },
            "mkdirp": {
              "version": "0.3.0"
            },
            "qs": {
              "version": "0.4.2"
            }
          }
        },
        "mkdir": {
          "version": "0.0.2"
        }
      }
    },
    "fast-csv": {
      "version": "1.0.0",
      "dependencies": {
        "extended": {
          "version": "0.0.6",
          "dependencies": {
            "extender": {
              "version": "0.0.10",
              "dependencies": {
                "declare.js": {
                  "version": "0.0.8"
                }
              }
            }
          }
        },
        "is-extended": {
          "version": "0.0.10"
        },
        "object-extended": {
          "version": "0.0.7",
          "dependencies": {
            "array-extended": {
              "version": "0.0.11",
              "dependencies": {
                "arguments-extended": {
                  "version": "0.0.3"
                }
              }
            }
          }
        },
        "string-extended": {
          "version": "0.0.8",
          "dependencies": {
            "array-extended": {
              "version": "0.0.11",
              "dependencies": {
                "arguments-extended": {
                  "version": "0.0.3"
                }
              }
            },
            "date-extended": {
              "version": "0.0.6"
            }
          }
        }
      }
    },
    "fs-extra": {
      "version": "0.22.1",
      "dependencies": {
        "graceful-fs": {
          "version": "4.1.2"
        },
        "jsonfile": {
          "version": "2.2.1"
        },
        "rimraf": {
          "version": "2.4.3",
          "dependencies": {
            "glob": {
              "version": "5.0.14",
              "dependencies": {
                "inflight": {
                  "version": "1.0.4",
                  "dependencies": {
                    "wrappy": {
                      "version": "1.0.1"
                    }
                  }
                },
                "inherits": {
                  "version": "2.0.1"
                },
                "minimatch": {
                  "version": "2.0.10",
                  "dependencies": {
                    "brace-expansion": {
                      "version": "1.1.0",
                      "dependencies": {
                        "balanced-match": {
                          "version": "0.2.0"
                        },
                        "concat-map": {
                          "version": "0.0.1"
                        }
                      }
                    }
                  }
                },
                "once": {
                  "version": "1.3.2",
                  "dependencies": {
                    "wrappy": {
                      "version": "1.0.1"
                    }
                  }
                },
                "path-is-absolute": {
                  "version": "1.0.0"
                }
              }
            }
          }
        }
      }
    },
    "glob": {
      "version": "5.0.15",
      "dependencies": {
        "inflight": {
          "version": "1.0.4",
          "dependencies": {
            "wrappy": {
              "version": "1.0.1"
            }
          }
        },
        "inherits": {
          "version": "2.0.1"
        },
        "minimatch": {
          "version": "3.0.0",
          "dependencies": {
            "brace-expansion": {
              "version": "1.1.2",
              "dependencies": {
                "balanced-match": {
                  "version": "0.3.0"
                },
                "concat-map": {
                  "version": "0.0.1"
                }
              }
            }
          }
        },
        "once": {
          "version": "1.3.3",
          "dependencies": {
            "wrappy": {
              "version": "1.0.1"
            }
          }
        },
        "path-is-absolute": {
          "version": "1.0.0"
        }
      }
    },
    "grunt": {
      "version": "0.4.5",
      "dependencies": {
        "async": {
          "version": "0.1.22"
        },
        "coffee-script": {
          "version": "1.3.3"
        },
        "colors": {
          "version": "0.6.2"
        },
        "dateformat": {
          "version": "1.0.2-1.2.3"
        },
        "eventemitter2": {
          "version": "0.4.14"
        },
        "exit": {
          "version": "0.1.2"
        },
        "findup-sync": {
          "version": "0.1.3",
          "dependencies": {
            "glob": {
              "version": "3.2.11",
              "dependencies": {
                "inherits": {
                  "version": "2.0.1"
                },
                "minimatch": {
                  "version": "0.3.0",
                  "dependencies": {
                    "lru-cache": {
                      "version": "2.7.0"
                    },
                    "sigmund": {
                      "version": "1.0.1"
                    }
                  }
                }
              }
            },
            "lodash": {
              "version": "2.4.2"
            }
          }
        },
        "getobject": {
          "version": "0.1.0"
        },
        "glob": {
          "version": "3.1.21",
          "dependencies": {
            "graceful-fs": {
              "version": "1.2.3"
            },
            "inherits": {
              "version": "1.0.2"
            }
          }
        },
        "grunt-legacy-log": {
          "version": "0.1.2",
          "dependencies": {
            "grunt-legacy-log-utils": {
              "version": "0.1.1"
            },
            "lodash": {
              "version": "2.4.2"
            },
            "underscore.string": {
              "version": "2.3.3"
            }
          }
        },
        "grunt-legacy-util": {
          "version": "0.2.0"
        },
        "hooker": {
          "version": "0.2.3"
        },
        "iconv-lite": {
          "version": "0.2.11"
        },
        "js-yaml": {
          "version": "2.0.5",
          "dependencies": {
            "argparse": {
              "version": "0.1.16",
              "dependencies": {
                "underscore": {
                  "version": "1.7.0"
                },
                "underscore.string": {
                  "version": "2.4.0"
                }
              }
            },
            "esprima": {
              "version": "1.0.4"
            }
          }
        },
        "lodash": {
          "version": "0.9.2"
        },
        "minimatch": {
          "version": "0.2.14",
          "dependencies": {
            "lru-cache": {
              "version": "2.7.0"
            },
            "sigmund": {
              "version": "1.0.1"
            }
          }
        },
        "nopt": {
          "version": "1.0.10",
          "dependencies": {
            "abbrev": {
              "version": "1.0.7"
            }
          }
        },
        "rimraf": {
          "version": "2.2.8"
        },
        "underscore.string": {
          "version": "2.2.1"
        },
        "which": {
          "version": "1.0.9"
        }
      }
    },
    "grunt-contrib-copy": {
      "version": "0.8.1",
      "dependencies": {
        "chalk": {
          "version": "1.1.1",
          "dependencies": {
            "ansi-styles": {
              "version": "2.1.0"
            },
            "escape-string-regexp": {
              "version": "1.0.3"
            },
            "has-ansi": {
              "version": "2.0.0",
              "dependencies": {
                "ansi-regex": {
                  "version": "2.0.0"
                }
              }
            },
            "strip-ansi": {
              "version": "3.0.0",
              "dependencies": {
                "ansi-regex": {
                  "version": "2.0.0"
                }
              }
            },
            "supports-color": {
              "version": "2.0.0"
            }
          }
        },
        "file-sync-cmp": {
          "version": "0.1.1"
        }
      }
    },
    "grunt-istanbul": {
      "version": "0.6.1",
      "dependencies": {
        "chalk": {
          "version": "1.0.0",
          "dependencies": {
            "ansi-styles": {
              "version": "2.1.0"
            },
            "escape-string-regexp": {
              "version": "1.0.3"
            },
            "has-ansi": {
              "version": "1.0.3",
              "dependencies": {
                "ansi-regex": {
                  "version": "1.1.1"
                },
                "get-stdin": {
                  "version": "4.0.1"
                }
              }
            },
            "strip-ansi": {
              "version": "2.0.1",
              "dependencies": {
                "ansi-regex": {
                  "version": "1.1.1"
                }
              }
            },
            "supports-color": {
              "version": "1.3.1"
            }
          }
        },
        "istanbul": {
          "version": "0.3.20",
          "dependencies": {
            "abbrev": {
              "version": "1.0.7"
            },
            "async": {
              "version": "1.4.2"
            },
            "escodegen": {
              "version": "1.7.0",
              "dependencies": {
                "esprima": {
                  "version": "1.2.5"
                },
                "estraverse": {
                  "version": "1.9.3"
                },
                "esutils": {
                  "version": "2.0.2"
                },
                "optionator": {
                  "version": "0.5.0",
                  "dependencies": {
                    "deep-is": {
                      "version": "0.1.3"
                    },
                    "fast-levenshtein": {
                      "version": "1.0.7"
                    },
                    "levn": {
                      "version": "0.2.5"
                    },
                    "prelude-ls": {
                      "version": "1.1.2"
                    },
                    "type-check": {
                      "version": "0.3.1"
                    }
                  }
                },
                "source-map": {
                  "version": "0.2.0",
                  "dependencies": {
                    "amdefine": {
                      "version": "1.0.0"
                    }
                  }
                }
              }
            },
            "esprima": {
              "version": "2.5.0"
            },
            "fileset": {
              "version": "0.2.1",
              "dependencies": {
                "glob": {
                  "version": "5.0.14",
                  "dependencies": {
                    "inflight": {
                      "version": "1.0.4",
                      "dependencies": {
                        "wrappy": {
                          "version": "1.0.1"
                        }
                      }
                    },
                    "inherits": {
                      "version": "2.0.1"
                    },
                    "path-is-absolute": {
                      "version": "1.0.0"
                    }
                  }
                },
                "minimatch": {
                  "version": "2.0.10",
                  "dependencies": {
                    "brace-expansion": {
                      "version": "1.1.0",
                      "dependencies": {
                        "balanced-match": {
                          "version": "0.2.0"
                        },
                        "concat-map": {
                          "version": "0.0.1"
                        }
                      }
                    }
                  }
                }
              }
            },
            "handlebars": {
              "version": "3.0.0",
              "dependencies": {
                "source-map": {
                  "version": "0.1.43",
                  "dependencies": {
                    "amdefine": {
                      "version": "1.0.0"
                    }
                  }
                },
                "uglify-js": {
                  "version": "2.3.6",
                  "dependencies": {
                    "async": {
                      "version": "0.2.10"
                    },
                    "optimist": {
                      "version": "0.3.7"
                    }
                  }
                }
              }
            },
            "mkdirp": {
              "version": "0.5.1",
              "dependencies": {
                "minimist": {
                  "version": "0.0.8"
                }
              }
            },
            "nopt": {
              "version": "3.0.4"
            },
            "once": {
              "version": "1.3.2",
              "dependencies": {
                "wrappy": {
                  "version": "1.0.1"
                }
              }
            },
            "resolve": {
              "version": "1.1.6"
            },
            "supports-color": {
              "version": "1.3.1"
            },
            "which": {
              "version": "1.0.9"
            },
            "wordwrap": {
              "version": "0.0.3"
            }
          }
        },
        "nue": {
          "version": "0.7.1"
        }
      }
    },
    "grunt-jasmine-node": {
      "version": "0.3.1",
      "dependencies": {
        "coffee-script": {
          "version": "1.6.3"
        },
        "jasmine-node": {
          "version": "1.14.5",
          "dependencies": {
            "gaze": {
              "version": "0.3.4",
              "dependencies": {
                "fileset": {
                  "version": "0.1.8",
                  "dependencies": {
                    "glob": {
                      "version": "3.2.11",
                      "dependencies": {
                        "inherits": {
                          "version": "2.0.1"
                        },
                        "minimatch": {
                          "version": "0.3.0",
                          "dependencies": {
                            "lru-cache": {
                              "version": "2.7.0"
                            },
                            "sigmund": {
                              "version": "1.0.1"
                            }
                          }
                        }
                      }
                    }
                  }
                },
                "minimatch": {
                  "version": "0.2.14",
                  "dependencies": {
                    "lru-cache": {
                      "version": "2.7.0"
                    },
                    "sigmund": {
                      "version": "1.0.1"
                    }
                  }
                }
              }
            },
            "jasmine-growl-reporter": {
              "version": "0.0.3",
              "dependencies": {
                "growl": {
                  "version": "1.7.0"
                }
              }
            },
            "jasmine-reporters": {
              "version": "1.0.2"
            },
            "mkdirp": {
              "version": "0.3.5"
            },
            "requirejs": {
              "version": "2.1.20"
            },
            "underscore": {
              "version": "1.8.3"
            },
            "walkdir": {
              "version": "0.0.10"
            }
          }
        }
      }
    },
    "grunt-sonar-runner": {
      "version": "2.4.3"
    },
    "handlebars": {
      "version": "3.0.3",
      "dependencies": {
        "source-map": {
          "version": "0.1.43",
          "dependencies": {
            "amdefine": {
              "version": "1.0.0"
            }
          }
        },
        "uglify-js": {
          "version": "2.3.6",
          "dependencies": {
            "async": {
              "version": "0.2.10"
            },
            "optimist": {
              "version": "0.3.7",
              "dependencies": {
                "wordwrap": {
                  "version": "0.0.3"
                }
              }
            }
          }
        }
      }
    },
    "js-yaml": {
      "version": "3.0.2",
      "dependencies": {
        "argparse": {
          "version": "0.1.16",
          "dependencies": {
            "underscore": {
              "version": "1.7.0"
            },
            "underscore.string": {
              "version": "2.4.0"
            }
          }
        },
        "esprima": {
          "version": "1.0.4"
        }
      }
    },
    "json-stable-stringify": {
      "version": "1.0.0",
      "dependencies": {
        "jsonify": {
          "version": "0.0.0"
        }
      }
    },
    "load-grunt-config": {
      "version": "0.17.2",
      "dependencies": {
        "async": {
          "version": "0.2.10"
        },
        "cson": {
          "version": "3.0.1",
          "dependencies": {
            "coffee-script": {
              "version": "1.9.3"
            },
            "cson-parser": {
              "version": "1.1.1",
              "dependencies": {
                "coffee-script": {
                  "version": "1.9.0"
                }
              }
            },
            "extract-opts": {
              "version": "3.0.1",
              "dependencies": {
                "typechecker": {
                  "version": "2.1.0"
                }
              }
            },
            "requirefresh": {
              "version": "2.0.0"
            },
            "safefs": {
              "version": "3.2.2",
              "dependencies": {
                "graceful-fs": {
                  "version": "4.1.2"
                }
              }
            }
          }
        },
        "glob": {
          "version": "3.2.11",
          "dependencies": {
            "inherits": {
              "version": "2.0.1"
            },
            "minimatch": {
              "version": "0.3.0",
              "dependencies": {
                "lru-cache": {
                  "version": "2.7.0"
                },
                "sigmund": {
                  "version": "1.0.1"
                }
              }
            }
          }
        },
        "jit-grunt": {
          "version": "0.9.1"
        },
        "load-grunt-tasks": {
          "version": "0.3.0",
          "dependencies": {
            "findup-sync": {
              "version": "0.1.3"
            },
            "globule": {
              "version": "0.2.0",
              "dependencies": {
                "minimatch": {
                  "version": "0.2.14",
                  "dependencies": {
                    "lru-cache": {
                      "version": "2.7.0"
                    },
                    "sigmund": {
                      "version": "1.0.1"
                    }
                  }
                }
              }
            }
          }
        },
        "lodash": {
          "version": "2.4.2"
        }
      }
    },
    "marked": {
      "version": "0.3.3"
    },
    "needle": {
      "version": "0.9.2",
      "dependencies": {
        "debug": {
          "version": "2.2.0",
          "dependencies": {
            "ms": {
              "version": "0.7.1"
            }
          }
        },
        "iconv-lite": {
          "version": "0.4.11"
        }
      }
    },
    "node-watch": {
      "version": "0.3.4"
    },
    "node.extend": {
      "version": "1.1.5",
      "dependencies": {
        "is": {
          "version": "3.0.1"
        }
      }
    },
    "optimist": {
      "version": "0.6.1",
      "dependencies": {
        "minimist": {
          "version": "0.0.10"
        },
        "wordwrap": {
          "version": "0.0.3"
        }
      }
    },
    "restler": {
      "version": "3.3.0",
      "dependencies": {
        "iconv-lite": {
          "version": "0.2.11"
        },
        "qs": {
          "version": "1.2.0"
        },
        "xml2js": {
          "version": "0.4.0",
          "dependencies": {
            "sax": {
              "version": "0.5.8"
            },
            "xmlbuilder": {
              "version": "3.0.0",
              "dependencies": {
                "lodash": {
                  "version": "3.10.1"
                }
              }
            }
          }
        },
        "yaml": {
          "version": "0.2.3"
        }
      }
    },
    "simplecrawler-referrer-filter": {
      "version": "0.3.1-1.1",
      "dependencies": {
        "URIjs": {
          "version": "1.10.2"
        }
      }
    },
    "slug": {
      "version": "0.9.1",
      "dependencies": {
        "unicode": {
          "version": "0.6.1",
          "dependencies": {
            "bufferstream": {
              "version": "0.6.2",
              "dependencies": {
                "bufferjs": {
                  "version": "2.0.0"
                },
                "buffertools": {
                  "version": "2.1.3"
                }
              }
            }
          }
        }
      }
    },
    "temp": {
      "version": "0.8.3",
      "dependencies": {
        "os-tmpdir": {
          "version": "1.0.1"
        },
        "rimraf": {
          "version": "2.2.8"
        }
      }
    },
    "xml2js": {
      "version": "0.4.12",
      "dependencies": {
        "sax": {
          "version": "1.1.3"
        },
        "xmlbuilder": {
          "version": "3.0.0",
          "dependencies": {
            "lodash": {
              "version": "3.10.1"
            }
          }
        }
      }
    },
    "yfm": {
      "version": "0.2.0",
      "dependencies": {
        "delims": {
          "version": "0.1.4"
        },
        "fs-utils": {
          "version": "0.1.11",
          "dependencies": {
            "async": {
              "version": "0.2.10"
            },
            "globule": {
              "version": "0.2.0",
              "dependencies": {
                "glob": {
                  "version": "3.2.11",
                  "dependencies": {
                    "inherits": {
                      "version": "2.0.1"
                    },
                    "minimatch": {
                      "version": "0.3.0",
                      "dependencies": {
                        "lru-cache": {
                          "version": "2.7.3"
                        },
                        "sigmund": {
                          "version": "1.0.1"
                        }
                      }
                    }
                  }
                },
                "minimatch": {
                  "version": "0.2.14",
                  "dependencies": {
                    "lru-cache": {
                      "version": "2.7.3"
                    },
                    "sigmund": {
                      "version": "1.0.1"
                    }
                  }
                }
              }
            },
            "iconv-lite": {
              "version": "0.2.11"
            },
            "mkdirp": {
              "version": "0.3.5"
            },
            "rimraf": {
              "version": "2.2.8"
            }
          }
        },
        "lodash": {
          "version": "2.4.2"
        }
      }
    }
  }
}